
Microsoft Visual Studio Solution File, Format Version 11.00
# Visual Studio 2010
Project("{FAE04EC0-301F-11D3-BF4B-00C04F79EFBC}") = "Ajaxified", "Ajaxified\Ajaxified.csproj", "{F115B105-3352-4DCE-A753-F1CC947A94A6}"
EndProject
Global
	GlobalSection(SolutionConfigurationPlatforms) = preSolution
		Debug|Any CPU = Debug|Any CPU
		Release|Any CPU = Release|Any CPU
	EndGlobalSection
	GlobalSection(ProjectConfigurationPlatforms) = postSolution
		{F115B105-3352-4DCE-A753-F1CC947A94A6}.Debug|Any CPU.ActiveCfg = Debug|Any CPU
		{F115B105-3352-4DCE-A753-F1CC947A94A6}.Debug|Any CPU.Build.0 = Debug|Any CPU
		{F115B105-3352-4DCE-A753-F1CC947A94A6}.Release|Any CPU.ActiveCfg = Release|Any CPU
		{F115B105-3352-4DCE-A753-F1CC947A94A6}.Release|Any CPU.Build.0 = Release|Any CPU
	EndGlobalSection
	GlobalSection(SolutionProperties) = preSolution
		HideSolutionNode = FALSE
	EndGlobalSection
EndGlobal
